
Microsoft Visual Studio Solution File, Format Version 12.00
# Visual Studio 15
VisualStudioVersion = 15.0.26014.0
MinimumVisualStudioVersion = 10.0.40219.1
Project("{2150E333-8FDC-42A3-9474-1A3956D46DE8}") = "Chapter 1", "Chapter 1", "{CA931A56-71A1-4D3F-909A-F13F66C08F9B}"
EndProject
Project("{FAE04EC0-301F-11D3-BF4B-00C04F79EFBC}") = "DeclarativeXaml", "Chapter 1\DeclarativeXaml\DeclarativeXaml.csproj", "{E9F095EE-071A-4622-B1F5-1DFC3992BAD0}"
EndProject
Project("{FAE04EC0-301F-11D3-BF4B-00C04F79EFBC}") = "BasicMVVMWPF", "Chapter 1\BasicMVVMWPF\BasicMVVMWPF.csproj", "{9EC660C5-3BFD-42C1-9840-0D8B534834F6}"
EndProject
Project("{2150E333-8FDC-42A3-9474-1A3956D46DE8}") = "Chapter 2", "Chapter 2", "{31757BF8-0EA2-417A-9C0C-30C13AEE94C5}"
EndProject
Project("{FAE04EC0-301F-11D3-BF4B-00C04F79EFBC}") = "ApressXaml.Usb.UnitTests", "Chapter 2\ApressXaml.Usb.UnitTests\ApressXaml.Usb.UnitTests.csproj", "{BBDC00FB-2AFB-4537-9498-E5C346652CB8}"
EndProject
Project("{FAE04EC0-301F-11D3-BF4B-00C04F79EFBC}") = "ApressXaml.Usb", "Chapter 2\ApressXaml.Usb\ApressXaml.Usb.csproj", "{2FA38666-E8E2-4A4B-85E3-E53A8C94C26B}"
EndProject
Project("{2150E333-8FDC-42A3-9474-1A3956D46DE8}") = "Chapter 3", "Chapter 3", "{41D18170-20E4-4E07-AC9B-827A5FF567CD}"
EndProject
Project("{FAE04EC0-301F-11D3-BF4B-00C04F79EFBC}") = "Purchasing.Domain", "Chapter 3\Purchasing.Domain\Purchasing.Domain.csproj", "{4542612C-2209-49F6-9E13-3C9A2734CAD4}"
EndProject
Project("{FAE04EC0-301F-11D3-BF4B-00C04F79EFBC}") = "Purchasing.Test", "Chapter 3\Purchasing.Test\Purchasing.Test.csproj", "{CD460E0F-1BA4-4C62-B0BB-A435B901E591}"
EndProject
Project("{2150E333-8FDC-42A3-9474-1A3956D46DE8}") = "Chapter 4", "Chapter 4", "{66F2D16F-057D-4938-8045-5DAFB065D66C}"
EndProject
Project("{FAE04EC0-301F-11D3-BF4B-00C04F79EFBC}") = "DesignPatterns", "Chapter 4\DesignPatterns\DesignPatterns.csproj", "{D6BA18A7-CCF7-4F94-8EE8-0DD6BE0621C2}"
EndProject
Project("{2150E333-8FDC-42A3-9474-1A3956D46DE8}") = "Chapter 5", "Chapter 5", "{1FFFBD51-9508-42B3-9FE3-AA4208B31C29}"
EndProject
Project("{FAE04EC0-301F-11D3-BF4B-00C04F79EFBC}") = "BasicMVVMWPF", "Chapter 4\BasicMVVMWPF\BasicMVVMWPF.csproj", "{C1205DC9-3DAF-496F-BBC8-BD4DE5C63C25}"
EndProject
Project("{FAE04EC0-301F-11D3-BF4B-00C04F79EFBC}") = "MSTestExample", "Chapter 5\MSTestExample\MSTestExample.csproj", "{B74ACEEA-0F0A-4F59-A9D9-341974779928}"
EndProject
Project("{FAE04EC0-301F-11D3-BF4B-00C04F79EFBC}") = "CalculatorTestFixture", "Chapter 5\CalculatorTestFixture\CalculatorTestFixture.csproj", "{52FF674B-4B03-4EEA-9B04-0E1233C1E0E5}"
EndProject
Project("{2150E333-8FDC-42A3-9474-1A3956D46DE8}") = "Chapter 6", "Chapter 6", "{CCFBA5F6-03FB-4EF7-B332-AF093ABA3BD3}"
EndProject
Project("{FAE04EC0-301F-11D3-BF4B-00C04F79EFBC}") = "QuizIt.Domain", "Chapter 6\QuizIt.Domain\QuizIt.Domain.csproj", "{72710EC2-4D93-4803-87CE-C6705D6E771F}"
EndProject
Project("{FAE04EC0-301F-11D3-BF4B-00C04F79EFBC}") = "MoqExample", "Chapter 6\MoqExample\MoqExample.csproj", "{B5F07FEA-9EED-4DA0-A9F3-6D551F5B7BD0}"
EndProject
Project("{FAE04EC0-301F-11D3-BF4B-00C04F79EFBC}") = "DataAccess", "Chapter 6\DataAccess\DataAccess.csproj", "{D165D89F-7B37-43C8-9D4D-F9DF6DFE87C5}"
EndProject
Project("{2150E333-8FDC-42A3-9474-1A3956D46DE8}") = "Chapter 7", "Chapter 7", "{F0B57A4F-CF84-4DA6-8041-2571FC1F13B2}"
EndProject
Project("{FAE04EC0-301F-11D3-BF4B-00C04F79EFBC}") = "WpfExceptionHandlingDemo", "Chapter 7\WpfExceptionHandlingDemo\WpfExceptionHandlingDemo.csproj", "{FCCF890E-FB96-49A4-AE9C-8640007E0945}"
EndProject
Project("{2150E333-8FDC-42A3-9474-1A3956D46DE8}") = "Chapter 8", "Chapter 8", "{5205BE74-C675-463C-B357-C2454E286F96}"
EndProject
Project("{FAE04EC0-301F-11D3-BF4B-00C04F79EFBC}") = "WpfDemo", "Chapter 8\WpfDemo\WpfDemo.csproj", "{404E75B9-6A7E-4758-A2DC-D4EAB6E3046A}"
EndProject
Project("{2150E333-8FDC-42A3-9474-1A3956D46DE8}") = "Chapter 9", "Chapter 9", "{32016C01-A4EF-4C56-9295-C157BC8C6249}"
EndProject
Project("{FAE04EC0-301F-11D3-BF4B-00C04F79EFBC}") = "ResolutionDemo", "Chapter 9\ResolutionDemo\ResolutionDemo.csproj", "{E1E416D8-175B-4F58-ACBD-65393DD295A9}"
EndProject
Project("{FAE04EC0-301F-11D3-BF4B-00C04F79EFBC}") = "ListViewDemo", "Chapter 9\ListViewDemo\ListViewDemo.csproj", "{3048F68E-2A57-457E-8E39-5C58517870E4}"
EndProject
Global
	GlobalSection(SolutionConfigurationPlatforms) = preSolution
		Debug|Any CPU = Debug|Any CPU
		Debug|ARM = Debug|ARM
		Debug|x64 = Debug|x64
		Debug|x86 = Debug|x86
		Release|Any CPU = Release|Any CPU
		Release|ARM = Release|ARM
		Release|x64 = Release|x64
		Release|x86 = Release|x86
	EndGlobalSection
	GlobalSection(ProjectConfigurationPlatforms) = postSolution
		{E9F095EE-071A-4622-B1F5-1DFC3992BAD0}.Debug|Any CPU.ActiveCfg = Debug|Any CPU
		{E9F095EE-071A-4622-B1F5-1DFC3992BAD0}.Debug|Any CPU.Build.0 = Debug|Any CPU
		{E9F095EE-071A-4622-B1F5-1DFC3992BAD0}.Debug|ARM.ActiveCfg = Debug|Any CPU
		{E9F095EE-071A-4622-B1F5-1DFC3992BAD0}.Debug|ARM.Build.0 = Debug|Any CPU
		{E9F095EE-071A-4622-B1F5-1DFC3992BAD0}.Debug|x64.ActiveCfg = Debug|Any CPU
		{E9F095EE-071A-4622-B1F5-1DFC3992BAD0}.Debug|x64.Build.0 = Debug|Any CPU
		{E9F095EE-071A-4622-B1F5-1DFC3992BAD0}.Debug|x86.ActiveCfg = Debug|Any CPU
		{E9F095EE-071A-4622-B1F5-1DFC3992BAD0}.Debug|x86.Build.0 = Debug|Any CPU
		{E9F095EE-071A-4622-B1F5-1DFC3992BAD0}.Release|Any CPU.ActiveCfg = Release|Any CPU
		{E9F095EE-071A-4622-B1F5-1DFC3992BAD0}.Release|Any CPU.Build.0 = Release|Any CPU
		{E9F095EE-071A-4622-B1F5-1DFC3992BAD0}.Release|ARM.ActiveCfg = Release|Any CPU
		{E9F095EE-071A-4622-B1F5-1DFC3992BAD0}.Release|ARM.Build.0 = Release|Any CPU
		{E9F095EE-071A-4622-B1F5-1DFC3992BAD0}.Release|x64.ActiveCfg = Release|Any CPU
		{E9F095EE-071A-4622-B1F5-1DFC3992BAD0}.Release|x64.Build.0 = Release|Any CPU
		{E9F095EE-071A-4622-B1F5-1DFC3992BAD0}.Release|x86.ActiveCfg = Release|Any CPU
		{E9F095EE-071A-4622-B1F5-1DFC3992BAD0}.Release|x86.Build.0 = Release|Any CPU
		{9EC660C5-3BFD-42C1-9840-0D8B534834F6}.Debug|Any CPU.ActiveCfg = Debug|Any CPU
		{9EC660C5-3BFD-42C1-9840-0D8B534834F6}.Debug|Any CPU.Build.0 = Debug|Any CPU
		{9EC660C5-3BFD-42C1-9840-0D8B534834F6}.Debug|ARM.ActiveCfg = Debug|Any CPU
		{9EC660C5-3BFD-42C1-9840-0D8B534834F6}.Debug|ARM.Build.0 = Debug|Any CPU
		{9EC660C5-3BFD-42C1-9840-0D8B534834F6}.Debug|x64.ActiveCfg = Debug|Any CPU
		{9EC660C5-3BFD-42C1-9840-0D8B534834F6}.Debug|x64.Build.0 = Debug|Any CPU
		{9EC660C5-3BFD-42C1-9840-0D8B534834F6}.Debug|x86.ActiveCfg = Debug|Any CPU
		{9EC660C5-3BFD-42C1-9840-0D8B534834F6}.Debug|x86.Build.0 = Debug|Any CPU
		{9EC660C5-3BFD-42C1-9840-0D8B534834F6}.Release|Any CPU.ActiveCfg = Release|Any CPU
		{9EC660C5-3BFD-42C1-9840-0D8B534834F6}.Release|Any CPU.Build.0 = Release|Any CPU
		{9EC660C5-3BFD-42C1-9840-0D8B534834F6}.Release|ARM.ActiveCfg = Release|Any CPU
		{9EC660C5-3BFD-42C1-9840-0D8B534834F6}.Release|ARM.Build.0 = Release|Any CPU
		{9EC660C5-3BFD-42C1-9840-0D8B534834F6}.Release|x64.ActiveCfg = Release|Any CPU
		{9EC660C5-3BFD-42C1-9840-0D8B534834F6}.Release|x64.Build.0 = Release|Any CPU
		{9EC660C5-3BFD-42C1-9840-0D8B534834F6}.Release|x86.ActiveCfg = Release|Any CPU
		{9EC660C5-3BFD-42C1-9840-0D8B534834F6}.Release|x86.Build.0 = Release|Any CPU
		{BBDC00FB-2AFB-4537-9498-E5C346652CB8}.Debug|Any CPU.ActiveCfg = Debug|Any CPU
		{BBDC00FB-2AFB-4537-9498-E5C346652CB8}.Debug|Any CPU.Build.0 = Debug|Any CPU
		{BBDC00FB-2AFB-4537-9498-E5C346652CB8}.Debug|ARM.ActiveCfg = Debug|Any CPU
		{BBDC00FB-2AFB-4537-9498-E5C346652CB8}.Debug|ARM.Build.0 = Debug|Any CPU
		{BBDC00FB-2AFB-4537-9498-E5C346652CB8}.Debug|x64.ActiveCfg = Debug|Any CPU
		{BBDC00FB-2AFB-4537-9498-E5C346652CB8}.Debug|x64.Build.0 = Debug|Any CPU
		{BBDC00FB-2AFB-4537-9498-E5C346652CB8}.Debug|x86.ActiveCfg = Debug|Any CPU
		{BBDC00FB-2AFB-4537-9498-E5C346652CB8}.Debug|x86.Build.0 = Debug|Any CPU
		{BBDC00FB-2AFB-4537-9498-E5C346652CB8}.Release|Any CPU.ActiveCfg = Release|Any CPU
		{BBDC00FB-2AFB-4537-9498-E5C346652CB8}.Release|Any CPU.Build.0 = Release|Any CPU
		{BBDC00FB-2AFB-4537-9498-E5C346652CB8}.Release|ARM.ActiveCfg = Release|Any CPU
		{BBDC00FB-2AFB-4537-9498-E5C346652CB8}.Release|ARM.Build.0 = Release|Any CPU
		{BBDC00FB-2AFB-4537-9498-E5C346652CB8}.Release|x64.ActiveCfg = Release|Any CPU
		{BBDC00FB-2AFB-4537-9498-E5C346652CB8}.Release|x64.Build.0 = Release|Any CPU
		{BBDC00FB-2AFB-4537-9498-E5C346652CB8}.Release|x86.ActiveCfg = Release|Any CPU
		{BBDC00FB-2AFB-4537-9498-E5C346652CB8}.Release|x86.Build.0 = Release|Any CPU
		{2FA38666-E8E2-4A4B-85E3-E53A8C94C26B}.Debug|Any CPU.ActiveCfg = Debug|Any CPU
		{2FA38666-E8E2-4A4B-85E3-E53A8C94C26B}.Debug|Any CPU.Build.0 = Debug|Any CPU
		{2FA38666-E8E2-4A4B-85E3-E53A8C94C26B}.Debug|ARM.ActiveCfg = Debug|Any CPU
		{2FA38666-E8E2-4A4B-85E3-E53A8C94C26B}.Debug|ARM.Build.0 = Debug|Any CPU
		{2FA38666-E8E2-4A4B-85E3-E53A8C94C26B}.Debug|x64.ActiveCfg = Debug|Any CPU
		{2FA38666-E8E2-4A4B-85E3-E53A8C94C26B}.Debug|x64.Build.0 = Debug|Any CPU
		{2FA38666-E8E2-4A4B-85E3-E53A8C94C26B}.Debug|x86.ActiveCfg = Debug|Any CPU
		{2FA38666-E8E2-4A4B-85E3-E53A8C94C26B}.Debug|x86.Build.0 = Debug|Any CPU
		{2FA38666-E8E2-4A4B-85E3-E53A8C94C26B}.Release|Any CPU.ActiveCfg = Release|Any CPU
		{2FA38666-E8E2-4A4B-85E3-E53A8C94C26B}.Release|Any CPU.Build.0 = Release|Any CPU
		{2FA38666-E8E2-4A4B-85E3-E53A8C94C26B}.Release|ARM.ActiveCfg = Release|Any CPU
		{2FA38666-E8E2-4A4B-85E3-E53A8C94C26B}.Release|ARM.Build.0 = Release|Any CPU
		{2FA38666-E8E2-4A4B-85E3-E53A8C94C26B}.Release|x64.ActiveCfg = Release|Any CPU
		{2FA38666-E8E2-4A4B-85E3-E53A8C94C26B}.Release|x64.Build.0 = Release|Any CPU
		{2FA38666-E8E2-4A4B-85E3-E53A8C94C26B}.Release|x86.ActiveCfg = Release|Any CPU
		{2FA38666-E8E2-4A4B-85E3-E53A8C94C26B}.Release|x86.Build.0 = Release|Any CPU
		{4542612C-2209-49F6-9E13-3C9A2734CAD4}.Debug|Any CPU.ActiveCfg = Debug|Any CPU
		{4542612C-2209-49F6-9E13-3C9A2734CAD4}.Debug|Any CPU.Build.0 = Debug|Any CPU
		{4542612C-2209-49F6-9E13-3C9A2734CAD4}.Debug|ARM.ActiveCfg = Debug|Any CPU
		{4542612C-2209-49F6-9E13-3C9A2734CAD4}.Debug|ARM.Build.0 = Debug|Any CPU
		{4542612C-2209-49F6-9E13-3C9A2734CAD4}.Debug|x64.ActiveCfg = Debug|Any CPU
		{4542612C-2209-49F6-9E13-3C9A2734CAD4}.Debug|x64.Build.0 = Debug|Any CPU
		{4542612C-2209-49F6-9E13-3C9A2734CAD4}.Debug|x86.ActiveCfg = Debug|Any CPU
		{4542612C-2209-49F6-9E13-3C9A2734CAD4}.Debug|x86.Build.0 = Debug|Any CPU
		{4542612C-2209-49F6-9E13-3C9A2734CAD4}.Release|Any CPU.ActiveCfg = Release|Any CPU
		{4542612C-2209-49F6-9E13-3C9A2734CAD4}.Release|Any CPU.Build.0 = Release|Any CPU
		{4542612C-2209-49F6-9E13-3C9A2734CAD4}.Release|ARM.ActiveCfg = Release|Any CPU
		{4542612C-2209-49F6-9E13-3C9A2734CAD4}.Release|ARM.Build.0 = Release|Any CPU
		{4542612C-2209-49F6-9E13-3C9A2734CAD4}.Release|x64.ActiveCfg = Release|Any CPU
		{4542612C-2209-49F6-9E13-3C9A2734CAD4}.Release|x64.Build.0 = Release|Any CPU
		{4542612C-2209-49F6-9E13-3C9A2734CAD4}.Release|x86.ActiveCfg = Release|Any CPU
		{4542612C-2209-49F6-9E13-3C9A2734CAD4}.Release|x86.Build.0 = Release|Any CPU
		{CD460E0F-1BA4-4C62-B0BB-A435B901E591}.Debug|Any CPU.ActiveCfg = Debug|Any CPU
		{CD460E0F-1BA4-4C62-B0BB-A435B901E591}.Debug|Any CPU.Build.0 = Debug|Any CPU
		{CD460E0F-1BA4-4C62-B0BB-A435B901E591}.Debug|ARM.ActiveCfg = Debug|Any CPU
		{CD460E0F-1BA4-4C62-B0BB-A435B901E591}.Debug|ARM.Build.0 = Debug|Any CPU
		{CD460E0F-1BA4-4C62-B0BB-A435B901E591}.Debug|x64.ActiveCfg = Debug|Any CPU
		{CD460E0F-1BA4-4C62-B0BB-A435B901E591}.Debug|x64.Build.0 = Debug|Any CPU
		{CD460E0F-1BA4-4C62-B0BB-A435B901E591}.Debug|x86.ActiveCfg = Debug|Any CPU
		{CD460E0F-1BA4-4C62-B0BB-A435B901E591}.Debug|x86.Build.0 = Debug|Any CPU
		{CD460E0F-1BA4-4C62-B0BB-A435B901E591}.Release|Any CPU.ActiveCfg = Release|Any CPU
		{CD460E0F-1BA4-4C62-B0BB-A435B901E591}.Release|Any CPU.Build.0 = Release|Any CPU
		{CD460E0F-1BA4-4C62-B0BB-A435B901E591}.Release|ARM.ActiveCfg = Release|Any CPU
		{CD460E0F-1BA4-4C62-B0BB-A435B901E591}.Release|ARM.Build.0 = Release|Any CPU
		{CD460E0F-1BA4-4C62-B0BB-A435B901E591}.Release|x64.ActiveCfg = Release|Any CPU
		{CD460E0F-1BA4-4C62-B0BB-A435B901E591}.Release|x64.Build.0 = Release|Any CPU
		{CD460E0F-1BA4-4C62-B0BB-A435B901E591}.Release|x86.ActiveCfg = Release|Any CPU
		{CD460E0F-1BA4-4C62-B0BB-A435B901E591}.Release|x86.Build.0 = Release|Any CPU
		{D6BA18A7-CCF7-4F94-8EE8-0DD6BE0621C2}.Debug|Any CPU.ActiveCfg = Debug|Any CPU
		{D6BA18A7-CCF7-4F94-8EE8-0DD6BE0621C2}.Debug|Any CPU.Build.0 = Debug|Any CPU
		{D6BA18A7-CCF7-4F94-8EE8-0DD6BE0621C2}.Debug|ARM.ActiveCfg = Debug|Any CPU
		{D6BA18A7-CCF7-4F94-8EE8-0DD6BE0621C2}.Debug|ARM.Build.0 = Debug|Any CPU
		{D6BA18A7-CCF7-4F94-8EE8-0DD6BE0621C2}.Debug|x64.ActiveCfg = Debug|Any CPU
		{D6BA18A7-CCF7-4F94-8EE8-0DD6BE0621C2}.Debug|x64.Build.0 = Debug|Any CPU
		{D6BA18A7-CCF7-4F94-8EE8-0DD6BE0621C2}.Debug|x86.ActiveCfg = Debug|Any CPU
		{D6BA18A7-CCF7-4F94-8EE8-0DD6BE0621C2}.Debug|x86.Build.0 = Debug|Any CPU
		{D6BA18A7-CCF7-4F94-8EE8-0DD6BE0621C2}.Release|Any CPU.ActiveCfg = Release|Any CPU
		{D6BA18A7-CCF7-4F94-8EE8-0DD6BE0621C2}.Release|Any CPU.Build.0 = Release|Any CPU
		{D6BA18A7-CCF7-4F94-8EE8-0DD6BE0621C2}.Release|ARM.ActiveCfg = Release|Any CPU
		{D6BA18A7-CCF7-4F94-8EE8-0DD6BE0621C2}.Release|ARM.Build.0 = Release|Any CPU
		{D6BA18A7-CCF7-4F94-8EE8-0DD6BE0621C2}.Release|x64.ActiveCfg = Release|Any CPU
		{D6BA18A7-CCF7-4F94-8EE8-0DD6BE0621C2}.Release|x64.Build.0 = Release|Any CPU
		{D6BA18A7-CCF7-4F94-8EE8-0DD6BE0621C2}.Release|x86.ActiveCfg = Release|Any CPU
		{D6BA18A7-CCF7-4F94-8EE8-0DD6BE0621C2}.Release|x86.Build.0 = Release|Any CPU
		{C1205DC9-3DAF-496F-BBC8-BD4DE5C63C25}.Debug|Any CPU.ActiveCfg = Debug|Any CPU
		{C1205DC9-3DAF-496F-BBC8-BD4DE5C63C25}.Debug|Any CPU.Build.0 = Debug|Any CPU
		{C1205DC9-3DAF-496F-BBC8-BD4DE5C63C25}.Debug|ARM.ActiveCfg = Debug|Any CPU
		{C1205DC9-3DAF-496F-BBC8-BD4DE5C63C25}.Debug|ARM.Build.0 = Debug|Any CPU
		{C1205DC9-3DAF-496F-BBC8-BD4DE5C63C25}.Debug|x64.ActiveCfg = Debug|Any CPU
		{C1205DC9-3DAF-496F-BBC8-BD4DE5C63C25}.Debug|x64.Build.0 = Debug|Any CPU
		{C1205DC9-3DAF-496F-BBC8-BD4DE5C63C25}.Debug|x86.ActiveCfg = Debug|Any CPU
		{C1205DC9-3DAF-496F-BBC8-BD4DE5C63C25}.Debug|x86.Build.0 = Debug|Any CPU
		{C1205DC9-3DAF-496F-BBC8-BD4DE5C63C25}.Release|Any CPU.ActiveCfg = Release|Any CPU
		{C1205DC9-3DAF-496F-BBC8-BD4DE5C63C25}.Release|Any CPU.Build.0 = Release|Any CPU
		{C1205DC9-3DAF-496F-BBC8-BD4DE5C63C25}.Release|ARM.ActiveCfg = Release|Any CPU
		{C1205DC9-3DAF-496F-BBC8-BD4DE5C63C25}.Release|ARM.Build.0 = Release|Any CPU
		{C1205DC9-3DAF-496F-BBC8-BD4DE5C63C25}.Release|x64.ActiveCfg = Release|Any CPU
		{C1205DC9-3DAF-496F-BBC8-BD4DE5C63C25}.Release|x64.Build.0 = Release|Any CPU
		{C1205DC9-3DAF-496F-BBC8-BD4DE5C63C25}.Release|x86.ActiveCfg = Release|Any CPU
		{C1205DC9-3DAF-496F-BBC8-BD4DE5C63C25}.Release|x86.Build.0 = Release|Any CPU
		{B74ACEEA-0F0A-4F59-A9D9-341974779928}.Debug|Any CPU.ActiveCfg = Debug|Any CPU
		{B74ACEEA-0F0A-4F59-A9D9-341974779928}.Debug|Any CPU.Build.0 = Debug|Any CPU
		{B74ACEEA-0F0A-4F59-A9D9-341974779928}.Debug|ARM.ActiveCfg = Debug|Any CPU
		{B74ACEEA-0F0A-4F59-A9D9-341974779928}.Debug|ARM.Build.0 = Debug|Any CPU
		{B74ACEEA-0F0A-4F59-A9D9-341974779928}.Debug|x64.ActiveCfg = Debug|Any CPU
		{B74ACEEA-0F0A-4F59-A9D9-341974779928}.Debug|x64.Build.0 = Debug|Any CPU
		{B74ACEEA-0F0A-4F59-A9D9-341974779928}.Debug|x86.ActiveCfg = Debug|Any CPU
		{B74ACEEA-0F0A-4F59-A9D9-341974779928}.Debug|x86.Build.0 = Debug|Any CPU
		{B74ACEEA-0F0A-4F59-A9D9-341974779928}.Release|Any CPU.ActiveCfg = Release|Any CPU
		{B74ACEEA-0F0A-4F59-A9D9-341974779928}.Release|Any CPU.Build.0 = Release|Any CPU
		{B74ACEEA-0F0A-4F59-A9D9-341974779928}.Release|ARM.ActiveCfg = Release|Any CPU
		{B74ACEEA-0F0A-4F59-A9D9-341974779928}.Release|ARM.Build.0 = Release|Any CPU
		{B74ACEEA-0F0A-4F59-A9D9-341974779928}.Release|x64.ActiveCfg = Release|Any CPU
		{B74ACEEA-0F0A-4F59-A9D9-341974779928}.Release|x64.Build.0 = Release|Any CPU
		{B74ACEEA-0F0A-4F59-A9D9-341974779928}.Release|x86.ActiveCfg = Release|Any CPU
		{B74ACEEA-0F0A-4F59-A9D9-341974779928}.Release|x86.Build.0 = Release|Any CPU
		{52FF674B-4B03-4EEA-9B04-0E1233C1E0E5}.Debug|Any CPU.ActiveCfg = Debug|Any CPU
		{52FF674B-4B03-4EEA-9B04-0E1233C1E0E5}.Debug|Any CPU.Build.0 = Debug|Any CPU
		{52FF674B-4B03-4EEA-9B04-0E1233C1E0E5}.Debug|ARM.ActiveCfg = Debug|Any CPU
		{52FF674B-4B03-4EEA-9B04-0E1233C1E0E5}.Debug|ARM.Build.0 = Debug|Any CPU
		{52FF674B-4B03-4EEA-9B04-0E1233C1E0E5}.Debug|x64.ActiveCfg = Debug|Any CPU
		{52FF674B-4B03-4EEA-9B04-0E1233C1E0E5}.Debug|x64.Build.0 = Debug|Any CPU
		{52FF674B-4B03-4EEA-9B04-0E1233C1E0E5}.Debug|x86.ActiveCfg = Debug|Any CPU
		{52FF674B-4B03-4EEA-9B04-0E1233C1E0E5}.Debug|x86.Build.0 = Debug|Any CPU
		{52FF674B-4B03-4EEA-9B04-0E1233C1E0E5}.Release|Any CPU.ActiveCfg = Release|Any CPU
		{52FF674B-4B03-4EEA-9B04-0E1233C1E0E5}.Release|Any CPU.Build.0 = Release|Any CPU
		{52FF674B-4B03-4EEA-9B04-0E1233C1E0E5}.Release|ARM.ActiveCfg = Release|Any CPU
		{52FF674B-4B03-4EEA-9B04-0E1233C1E0E5}.Release|ARM.Build.0 = Release|Any CPU
		{52FF674B-4B03-4EEA-9B04-0E1233C1E0E5}.Release|x64.ActiveCfg = Release|Any CPU
		{52FF674B-4B03-4EEA-9B04-0E1233C1E0E5}.Release|x64.Build.0 = Release|Any CPU
		{52FF674B-4B03-4EEA-9B04-0E1233C1E0E5}.Release|x86.ActiveCfg = Release|Any CPU
		{52FF674B-4B03-4EEA-9B04-0E1233C1E0E5}.Release|x86.Build.0 = Release|Any CPU
		{72710EC2-4D93-4803-87CE-C6705D6E771F}.Debug|Any CPU.ActiveCfg = Debug|Any CPU
		{72710EC2-4D93-4803-87CE-C6705D6E771F}.Debug|Any CPU.Build.0 = Debug|Any CPU
		{72710EC2-4D93-4803-87CE-C6705D6E771F}.Debug|ARM.ActiveCfg = Debug|Any CPU
		{72710EC2-4D93-4803-87CE-C6705D6E771F}.Debug|ARM.Build.0 = Debug|Any CPU
		{72710EC2-4D93-4803-87CE-C6705D6E771F}.Debug|x64.ActiveCfg = Debug|Any CPU
		{72710EC2-4D93-4803-87CE-C6705D6E771F}.Debug|x64.Build.0 = Debug|Any CPU
		{72710EC2-4D93-4803-87CE-C6705D6E771F}.Debug|x86.ActiveCfg = Debug|Any CPU
		{72710EC2-4D93-4803-87CE-C6705D6E771F}.Debug|x86.Build.0 = Debug|Any CPU
		{72710EC2-4D93-4803-87CE-C6705D6E771F}.Release|Any CPU.ActiveCfg = Release|Any CPU
		{72710EC2-4D93-4803-87CE-C6705D6E771F}.Release|Any CPU.Build.0 = Release|Any CPU
		{72710EC2-4D93-4803-87CE-C6705D6E771F}.Release|ARM.ActiveCfg = Release|Any CPU
		{72710EC2-4D93-4803-87CE-C6705D6E771F}.Release|ARM.Build.0 = Release|Any CPU
		{72710EC2-4D93-4803-87CE-C6705D6E771F}.Release|x64.ActiveCfg = Release|Any CPU
		{72710EC2-4D93-4803-87CE-C6705D6E771F}.Release|x64.Build.0 = Release|Any CPU
		{72710EC2-4D93-4803-87CE-C6705D6E771F}.Release|x86.ActiveCfg = Release|Any CPU
		{72710EC2-4D93-4803-87CE-C6705D6E771F}.Release|x86.Build.0 = Release|Any CPU
		{B5F07FEA-9EED-4DA0-A9F3-6D551F5B7BD0}.Debug|Any CPU.ActiveCfg = Debug|Any CPU
		{B5F07FEA-9EED-4DA0-A9F3-6D551F5B7BD0}.Debug|Any CPU.Build.0 = Debug|Any CPU
		{B5F07FEA-9EED-4DA0-A9F3-6D551F5B7BD0}.Debug|ARM.ActiveCfg = Debug|Any CPU
		{B5F07FEA-9EED-4DA0-A9F3-6D551F5B7BD0}.Debug|ARM.Build.0 = Debug|Any CPU
		{B5F07FEA-9EED-4DA0-A9F3-6D551F5B7BD0}.Debug|x64.ActiveCfg = Debug|Any CPU
		{B5F07FEA-9EED-4DA0-A9F3-6D551F5B7BD0}.Debug|x64.Build.0 = Debug|Any CPU
		{B5F07FEA-9EED-4DA0-A9F3-6D551F5B7BD0}.Debug|x86.ActiveCfg = Debug|Any CPU
		{B5F07FEA-9EED-4DA0-A9F3-6D551F5B7BD0}.Debug|x86.Build.0 = Debug|Any CPU
		{B5F07FEA-9EED-4DA0-A9F3-6D551F5B7BD0}.Release|Any CPU.ActiveCfg = Release|Any CPU
		{B5F07FEA-9EED-4DA0-A9F3-6D551F5B7BD0}.Release|Any CPU.Build.0 = Release|Any CPU
		{B5F07FEA-9EED-4DA0-A9F3-6D551F5B7BD0}.Release|ARM.ActiveCfg = Release|Any CPU
		{B5F07FEA-9EED-4DA0-A9F3-6D551F5B7BD0}.Release|ARM.Build.0 = Release|Any CPU
		{B5F07FEA-9EED-4DA0-A9F3-6D551F5B7BD0}.Release|x64.ActiveCfg = Release|Any CPU
		{B5F07FEA-9EED-4DA0-A9F3-6D551F5B7BD0}.Release|x64.Build.0 = Release|Any CPU
		{B5F07FEA-9EED-4DA0-A9F3-6D551F5B7BD0}.Release|x86.ActiveCfg = Release|Any CPU
		{B5F07FEA-9EED-4DA0-A9F3-6D551F5B7BD0}.Release|x86.Build.0 = Release|Any CPU
		{D165D89F-7B37-43C8-9D4D-F9DF6DFE87C5}.Debug|Any CPU.ActiveCfg = Debug|Any CPU
		{D165D89F-7B37-43C8-9D4D-F9DF6DFE87C5}.Debug|Any CPU.Build.0 = Debug|Any CPU
		{D165D89F-7B37-43C8-9D4D-F9DF6DFE87C5}.Debug|ARM.ActiveCfg = Debug|Any CPU
		{D165D89F-7B37-43C8-9D4D-F9DF6DFE87C5}.Debug|ARM.Build.0 = Debug|Any CPU
		{D165D89F-7B37-43C8-9D4D-F9DF6DFE87C5}.Debug|x64.ActiveCfg = Debug|Any CPU
		{D165D89F-7B37-43C8-9D4D-F9DF6DFE87C5}.Debug|x64.Build.0 = Debug|Any CPU
		{D165D89F-7B37-43C8-9D4D-F9DF6DFE87C5}.Debug|x86.ActiveCfg = Debug|Any CPU
		{D165D89F-7B37-43C8-9D4D-F9DF6DFE87C5}.Debug|x86.Build.0 = Debug|Any CPU
		{D165D89F-7B37-43C8-9D4D-F9DF6DFE87C5}.Release|Any CPU.ActiveCfg = Release|Any CPU
		{D165D89F-7B37-43C8-9D4D-F9DF6DFE87C5}.Release|Any CPU.Build.0 = Release|Any CPU
		{D165D89F-7B37-43C8-9D4D-F9DF6DFE87C5}.Release|ARM.ActiveCfg = Release|Any CPU
		{D165D89F-7B37-43C8-9D4D-F9DF6DFE87C5}.Release|ARM.Build.0 = Release|Any CPU
		{D165D89F-7B37-43C8-9D4D-F9DF6DFE87C5}.Release|x64.ActiveCfg = Release|Any CPU
		{D165D89F-7B37-43C8-9D4D-F9DF6DFE87C5}.Release|x64.Build.0 = Release|Any CPU
		{D165D89F-7B37-43C8-9D4D-F9DF6DFE87C5}.Release|x86.ActiveCfg = Release|Any CPU
		{D165D89F-7B37-43C8-9D4D-F9DF6DFE87C5}.Release|x86.Build.0 = Release|Any CPU
		{FCCF890E-FB96-49A4-AE9C-8640007E0945}.Debug|Any CPU.ActiveCfg = Debug|Any CPU
		{FCCF890E-FB96-49A4-AE9C-8640007E0945}.Debug|Any CPU.Build.0 = Debug|Any CPU
		{FCCF890E-FB96-49A4-AE9C-8640007E0945}.Debug|ARM.ActiveCfg = Debug|Any CPU
		{FCCF890E-FB96-49A4-AE9C-8640007E0945}.Debug|ARM.Build.0 = Debug|Any CPU
		{FCCF890E-FB96-49A4-AE9C-8640007E0945}.Debug|x64.ActiveCfg = Debug|Any CPU
		{FCCF890E-FB96-49A4-AE9C-8640007E0945}.Debug|x64.Build.0 = Debug|Any CPU
		{FCCF890E-FB96-49A4-AE9C-8640007E0945}.Debug|x86.ActiveCfg = Debug|Any CPU
		{FCCF890E-FB96-49A4-AE9C-8640007E0945}.Debug|x86.Build.0 = Debug|Any CPU
		{FCCF890E-FB96-49A4-AE9C-8640007E0945}.Release|Any CPU.ActiveCfg = Release|Any CPU
		{FCCF890E-FB96-49A4-AE9C-8640007E0945}.Release|Any CPU.Build.0 = Release|Any CPU
		{FCCF890E-FB96-49A4-AE9C-8640007E0945}.Release|ARM.ActiveCfg = Release|Any CPU
		{FCCF890E-FB96-49A4-AE9C-8640007E0945}.Release|ARM.Build.0 = Release|Any CPU
		{FCCF890E-FB96-49A4-AE9C-8640007E0945}.Release|x64.ActiveCfg = Release|Any CPU
		{FCCF890E-FB96-49A4-AE9C-8640007E0945}.Release|x64.Build.0 = Release|Any CPU
		{FCCF890E-FB96-49A4-AE9C-8640007E0945}.Release|x86.ActiveCfg = Release|Any CPU
		{FCCF890E-FB96-49A4-AE9C-8640007E0945}.Release|x86.Build.0 = Release|Any CPU
		{404E75B9-6A7E-4758-A2DC-D4EAB6E3046A}.Debug|Any CPU.ActiveCfg = Debug|Any CPU
		{404E75B9-6A7E-4758-A2DC-D4EAB6E3046A}.Debug|Any CPU.Build.0 = Debug|Any CPU
		{404E75B9-6A7E-4758-A2DC-D4EAB6E3046A}.Debug|ARM.ActiveCfg = Debug|Any CPU
		{404E75B9-6A7E-4758-A2DC-D4EAB6E3046A}.Debug|ARM.Build.0 = Debug|Any CPU
		{404E75B9-6A7E-4758-A2DC-D4EAB6E3046A}.Debug|x64.ActiveCfg = Debug|Any CPU
		{404E75B9-6A7E-4758-A2DC-D4EAB6E3046A}.Debug|x64.Build.0 = Debug|Any CPU
		{404E75B9-6A7E-4758-A2DC-D4EAB6E3046A}.Debug|x86.ActiveCfg = Debug|Any CPU
		{404E75B9-6A7E-4758-A2DC-D4EAB6E3046A}.Debug|x86.Build.0 = Debug|Any CPU
		{404E75B9-6A7E-4758-A2DC-D4EAB6E3046A}.Release|Any CPU.ActiveCfg = Release|Any CPU
		{404E75B9-6A7E-4758-A2DC-D4EAB6E3046A}.Release|Any CPU.Build.0 = Release|Any CPU
		{404E75B9-6A7E-4758-A2DC-D4EAB6E3046A}.Release|ARM.ActiveCfg = Release|Any CPU
		{404E75B9-6A7E-4758-A2DC-D4EAB6E3046A}.Release|ARM.Build.0 = Release|Any CPU
		{404E75B9-6A7E-4758-A2DC-D4EAB6E3046A}.Release|x64.ActiveCfg = Release|Any CPU
		{404E75B9-6A7E-4758-A2DC-D4EAB6E3046A}.Release|x64.Build.0 = Release|Any CPU
		{404E75B9-6A7E-4758-A2DC-D4EAB6E3046A}.Release|x86.ActiveCfg = Release|Any CPU
		{404E75B9-6A7E-4758-A2DC-D4EAB6E3046A}.Release|x86.Build.0 = Release|Any CPU
		{E1E416D8-175B-4F58-ACBD-65393DD295A9}.Debug|Any CPU.ActiveCfg = Debug|x86
		{E1E416D8-175B-4F58-ACBD-65393DD295A9}.Debug|Any CPU.Build.0 = Debug|x86
		{E1E416D8-175B-4F58-ACBD-65393DD295A9}.Debug|Any CPU.Deploy.0 = Debug|x86
		{E1E416D8-175B-4F58-ACBD-65393DD295A9}.Debug|ARM.ActiveCfg = Debug|ARM
		{E1E416D8-175B-4F58-ACBD-65393DD295A9}.Debug|ARM.Build.0 = Debug|ARM
		{E1E416D8-175B-4F58-ACBD-65393DD295A9}.Debug|ARM.Deploy.0 = Debug|ARM
		{E1E416D8-175B-4F58-ACBD-65393DD295A9}.Debug|x64.ActiveCfg = Debug|x64
		{E1E416D8-175B-4F58-ACBD-65393DD295A9}.Debug|x64.Build.0 = Debug|x64
		{E1E416D8-175B-4F58-ACBD-65393DD295A9}.Debug|x64.Deploy.0 = Debug|x64
		{E1E416D8-175B-4F58-ACBD-65393DD295A9}.Debug|x86.ActiveCfg = Debug|x86
		{E1E416D8-175B-4F58-ACBD-65393DD295A9}.Debug|x86.Build.0 = Debug|x86
		{E1E416D8-175B-4F58-ACBD-65393DD295A9}.Debug|x86.Deploy.0 = Debug|x86
		{E1E416D8-175B-4F58-ACBD-65393DD295A9}.Release|Any CPU.ActiveCfg = Release|x86
		{E1E416D8-175B-4F58-ACBD-65393DD295A9}.Release|ARM.ActiveCfg = Release|ARM
		{E1E416D8-175B-4F58-ACBD-65393DD295A9}.Release|ARM.Build.0 = Release|ARM
		{E1E416D8-175B-4F58-ACBD-65393DD295A9}.Release|ARM.Deploy.0 = Release|ARM
		{E1E416D8-175B-4F58-ACBD-65393DD295A9}.Release|x64.ActiveCfg = Release|x64
		{E1E416D8-175B-4F58-ACBD-65393DD295A9}.Release|x64.Build.0 = Release|x64
		{E1E416D8-175B-4F58-ACBD-65393DD295A9}.Release|x64.Deploy.0 = Release|x64
		{E1E416D8-175B-4F58-ACBD-65393DD295A9}.Release|x86.ActiveCfg = Release|x86
		{E1E416D8-175B-4F58-ACBD-65393DD295A9}.Release|x86.Build.0 = Release|x86
		{E1E416D8-175B-4F58-ACBD-65393DD295A9}.Release|x86.Deploy.0 = Release|x86
		{3048F68E-2A57-457E-8E39-5C58517870E4}.Debug|Any CPU.ActiveCfg = Debug|x86
		{3048F68E-2A57-457E-8E39-5C58517870E4}.Debug|Any CPU.Build.0 = Debug|x86
		{3048F68E-2A57-457E-8E39-5C58517870E4}.Debug|Any CPU.Deploy.0 = Debug|x86
		{3048F68E-2A57-457E-8E39-5C58517870E4}.Debug|ARM.ActiveCfg = Debug|ARM
		{3048F68E-2A57-457E-8E39-5C58517870E4}.Debug|ARM.Build.0 = Debug|ARM
		{3048F68E-2A57-457E-8E39-5C58517870E4}.Debug|ARM.Deploy.0 = Debug|ARM
		{3048F68E-2A57-457E-8E39-5C58517870E4}.Debug|x64.ActiveCfg = Debug|x64
		{3048F68E-2A57-457E-8E39-5C58517870E4}.Debug|x64.Build.0 = Debug|x64
		{3048F68E-2A57-457E-8E39-5C58517870E4}.Debug|x64.Deploy.0 = Debug|x64
		{3048F68E-2A57-457E-8E39-5C58517870E4}.Debug|x86.ActiveCfg = Debug|x86
		{3048F68E-2A57-457E-8E39-5C58517870E4}.Debug|x86.Build.0 = Debug|x86
		{3048F68E-2A57-457E-8E39-5C58517870E4}.Debug|x86.Deploy.0 = Debug|x86
		{3048F68E-2A57-457E-8E39-5C58517870E4}.Release|Any CPU.ActiveCfg = Release|x86
		{3048F68E-2A57-457E-8E39-5C58517870E4}.Release|ARM.ActiveCfg = Release|ARM
		{3048F68E-2A57-457E-8E39-5C58517870E4}.Release|ARM.Build.0 = Release|ARM
		{3048F68E-2A57-457E-8E39-5C58517870E4}.Release|ARM.Deploy.0 = Release|ARM
		{3048F68E-2A57-457E-8E39-5C58517870E4}.Release|x64.ActiveCfg = Release|x64
		{3048F68E-2A57-457E-8E39-5C58517870E4}.Release|x64.Build.0 = Release|x64
		{3048F68E-2A57-457E-8E39-5C58517870E4}.Release|x64.Deploy.0 = Release|x64
		{3048F68E-2A57-457E-8E39-5C58517870E4}.Release|x86.ActiveCfg = Release|x86
		{3048F68E-2A57-457E-8E39-5C58517870E4}.Release|x86.Build.0 = Release|x86
		{3048F68E-2A57-457E-8E39-5C58517870E4}.Release|x86.Deploy.0 = Release|x86
	EndGlobalSection
	GlobalSection(SolutionProperties) = preSolution
		HideSolutionNode = FALSE
	EndGlobalSection
	GlobalSection(NestedProjects) = preSolution
		{E9F095EE-071A-4622-B1F5-1DFC3992BAD0} = {CA931A56-71A1-4D3F-909A-F13F66C08F9B}
		{9EC660C5-3BFD-42C1-9840-0D8B534834F6} = {CA931A56-71A1-4D3F-909A-F13F66C08F9B}
		{BBDC00FB-2AFB-4537-9498-E5C346652CB8} = {31757BF8-0EA2-417A-9C0C-30C13AEE94C5}
		{2FA38666-E8E2-4A4B-85E3-E53A8C94C26B} = {31757BF8-0EA2-417A-9C0C-30C13AEE94C5}
		{4542612C-2209-49F6-9E13-3C9A2734CAD4} = {41D18170-20E4-4E07-AC9B-827A5FF567CD}
		{CD460E0F-1BA4-4C62-B0BB-A435B901E591} = {41D18170-20E4-4E07-AC9B-827A5FF567CD}
		{D6BA18A7-CCF7-4F94-8EE8-0DD6BE0621C2} = {66F2D16F-057D-4938-8045-5DAFB065D66C}
		{C1205DC9-3DAF-496F-BBC8-BD4DE5C63C25} = {66F2D16F-057D-4938-8045-5DAFB065D66C}
		{B74ACEEA-0F0A-4F59-A9D9-341974779928} = {1FFFBD51-9508-42B3-9FE3-AA4208B31C29}
		{52FF674B-4B03-4EEA-9B04-0E1233C1E0E5} = {1FFFBD51-9508-42B3-9FE3-AA4208B31C29}
		{72710EC2-4D93-4803-87CE-C6705D6E771F} = {CCFBA5F6-03FB-4EF7-B332-AF093ABA3BD3}
		{B5F07FEA-9EED-4DA0-A9F3-6D551F5B7BD0} = {CCFBA5F6-03FB-4EF7-B332-AF093ABA3BD3}
		{D165D89F-7B37-43C8-9D4D-F9DF6DFE87C5} = {CCFBA5F6-03FB-4EF7-B332-AF093ABA3BD3}
		{FCCF890E-FB96-49A4-AE9C-8640007E0945} = {F0B57A4F-CF84-4DA6-8041-2571FC1F13B2}
		{404E75B9-6A7E-4758-A2DC-D4EAB6E3046A} = {5205BE74-C675-463C-B357-C2454E286F96}
		{E1E416D8-175B-4F58-ACBD-65393DD295A9} = {32016C01-A4EF-4C56-9295-C157BC8C6249}
		{3048F68E-2A57-457E-8E39-5C58517870E4} = {32016C01-A4EF-4C56-9295-C157BC8C6249}
	EndGlobalSection
	GlobalSection(ExtensibilityGlobals) = postSolution
		EnterpriseLibraryConfigurationToolBinariesPathV6 = packages\EnterpriseLibrary.Common.6.0.1304.0\lib\NET45;packages\EnterpriseLibrary.ExceptionHandling.6.0.1304.0\lib\NET45;packages\EnterpriseLibrary.Logging.6.0.1304.0\lib\NET45;packages\EnterpriseLibrary.ExceptionHandling.Logging.6.0.1304.0\lib\NET45
	EndGlobalSection
EndGlobal
