
Microsoft Visual Studio Solution File, Format Version 12.00
# Visual Studio 15
VisualStudioVersion = 15.0.26014.0
MinimumVisualStudioVersion = 10.0.40219.1
Project("{2150E333-8FDC-42A3-9474-1A3956D46DE8}") = "Chapter 1", "Chapter 1", "{CA931A56-71A1-4D3F-909A-F13F66C08F9B}"
EndProject
Project("{FAE04EC0-301F-11D3-BF4B-00C04F79EFBC}") = "DeclarativeXaml", "Chapter 1\DeclarativeXaml\DeclarativeXaml.csproj", "{E9F095EE-071A-4622-B1F5-1DFC3992BAD0}"
EndProject
Project("{FAE04EC0-301F-11D3-BF4B-00C04F79EFBC}") = "BasicMVVMWPF", "Chapter 1\BasicMVVMWPF\BasicMVVMWPF.csproj", "{9EC660C5-3BFD-42C1-9840-0D8B534834F6}"
EndProject
Project("{2150E333-8FDC-42A3-9474-1A3956D46DE8}") = "Chapter 2", "Chapter 2", "{31757BF8-0EA2-417A-9C0C-30C13AEE94C5}"
EndProject
Project("{FAE04EC0-301F-11D3-BF4B-00C04F79EFBC}") = "ApressXaml.Usb.UnitTests", "Chapter 2\ApressXaml.Usb.UnitTests\ApressXaml.Usb.UnitTests.csproj", "{BBDC00FB-2AFB-4537-9498-E5C346652CB8}"
EndProject
Project("{FAE04EC0-301F-11D3-BF4B-00C04F79EFBC}") = "ApressXaml.Usb", "Chapter 2\ApressXaml.Usb\ApressXaml.Usb.csproj", "{2FA38666-E8E2-4A4B-85E3-E53A8C94C26B}"
EndProject
Project("{2150E333-8FDC-42A3-9474-1A3956D46DE8}") = "Chapter 3", "Chapter 3", "{41D18170-20E4-4E07-AC9B-827A5FF567CD}"
EndProject
Project("{FAE04EC0-301F-11D3-BF4B-00C04F79EFBC}") = "Purchasing.Domain", "Chapter 3\Purchasing.Domain\Purchasing.Domain.csproj", "{4542612C-2209-49F6-9E13-3C9A2734CAD4}"
EndProject
Project("{FAE04EC0-301F-11D3-BF4B-00C04F79EFBC}") = "Purchasing.Test", "Chapter 3\Purchasing.Test\Purchasing.Test.csproj", "{CD460E0F-1BA4-4C62-B0BB-A435B901E591}"
EndProject
Project("{2150E333-8FDC-42A3-9474-1A3956D46DE8}") = "Chapter 4", "Chapter 4", "{66F2D16F-057D-4938-8045-5DAFB065D66C}"
EndProject
Project("{FAE04EC0-301F-11D3-BF4B-00C04F79EFBC}") = "DesignPatterns", "Chapter 4\DesignPatterns\DesignPatterns.csproj", "{D6BA18A7-CCF7-4F94-8EE8-0DD6BE0621C2}"
EndProject
Project("{2150E333-8FDC-42A3-9474-1A3956D46DE8}") = "Chapter 5", "Chapter 5", "{1FFFBD51-9508-42B3-9FE3-AA4208B31C29}"
EndProject
Project("{FAE04EC0-301F-11D3-BF4B-00C04F79EFBC}") = "BasicMVVMWPF", "Chapter 4\BasicMVVMWPF\BasicMVVMWPF.csproj", "{C1205DC9-3DAF-496F-BBC8-BD4DE5C63C25}"
EndProject
Project("{FAE04EC0-301F-11D3-BF4B-00C04F79EFBC}") = "MSTestExample", "Chapter 5\MSTestExample\MSTestExample.csproj", "{B74ACEEA-0F0A-4F59-A9D9-341974779928}"
EndProject
Project("{FAE04EC0-301F-11D3-BF4B-00C04F79EFBC}") = "CalculatorTestFixture", "Chapter 5\CalculatorTestFixture\CalculatorTestFixture.csproj", "{52FF674B-4B03-4EEA-9B04-0E1233C1E0E5}"
EndProject
Global
	GlobalSection(SolutionConfigurationPlatforms) = preSolution
		Debug|Any CPU = Debug|Any CPU
		Release|Any CPU = Release|Any CPU
	EndGlobalSection
	GlobalSection(ProjectConfigurationPlatforms) = postSolution
		{E9F095EE-071A-4622-B1F5-1DFC3992BAD0}.Debug|Any CPU.ActiveCfg = Debug|Any CPU
		{E9F095EE-071A-4622-B1F5-1DFC3992BAD0}.Debug|Any CPU.Build.0 = Debug|Any CPU
		{E9F095EE-071A-4622-B1F5-1DFC3992BAD0}.Release|Any CPU.ActiveCfg = Release|Any CPU
		{E9F095EE-071A-4622-B1F5-1DFC3992BAD0}.Release|Any CPU.Build.0 = Release|Any CPU
		{9EC660C5-3BFD-42C1-9840-0D8B534834F6}.Debug|Any CPU.ActiveCfg = Debug|Any CPU
		{9EC660C5-3BFD-42C1-9840-0D8B534834F6}.Debug|Any CPU.Build.0 = Debug|Any CPU
		{9EC660C5-3BFD-42C1-9840-0D8B534834F6}.Release|Any CPU.ActiveCfg = Release|Any CPU
		{9EC660C5-3BFD-42C1-9840-0D8B534834F6}.Release|Any CPU.Build.0 = Release|Any CPU
		{BBDC00FB-2AFB-4537-9498-E5C346652CB8}.Debug|Any CPU.ActiveCfg = Debug|Any CPU
		{BBDC00FB-2AFB-4537-9498-E5C346652CB8}.Debug|Any CPU.Build.0 = Debug|Any CPU
		{BBDC00FB-2AFB-4537-9498-E5C346652CB8}.Release|Any CPU.ActiveCfg = Release|Any CPU
		{BBDC00FB-2AFB-4537-9498-E5C346652CB8}.Release|Any CPU.Build.0 = Release|Any CPU
		{2FA38666-E8E2-4A4B-85E3-E53A8C94C26B}.Debug|Any CPU.ActiveCfg = Debug|Any CPU
		{2FA38666-E8E2-4A4B-85E3-E53A8C94C26B}.Debug|Any CPU.Build.0 = Debug|Any CPU
		{2FA38666-E8E2-4A4B-85E3-E53A8C94C26B}.Release|Any CPU.ActiveCfg = Release|Any CPU
		{2FA38666-E8E2-4A4B-85E3-E53A8C94C26B}.Release|Any CPU.Build.0 = Release|Any CPU
		{4542612C-2209-49F6-9E13-3C9A2734CAD4}.Debug|Any CPU.ActiveCfg = Debug|Any CPU
		{4542612C-2209-49F6-9E13-3C9A2734CAD4}.Debug|Any CPU.Build.0 = Debug|Any CPU
		{4542612C-2209-49F6-9E13-3C9A2734CAD4}.Release|Any CPU.ActiveCfg = Release|Any CPU
		{4542612C-2209-49F6-9E13-3C9A2734CAD4}.Release|Any CPU.Build.0 = Release|Any CPU
		{CD460E0F-1BA4-4C62-B0BB-A435B901E591}.Debug|Any CPU.ActiveCfg = Debug|Any CPU
		{CD460E0F-1BA4-4C62-B0BB-A435B901E591}.Debug|Any CPU.Build.0 = Debug|Any CPU
		{CD460E0F-1BA4-4C62-B0BB-A435B901E591}.Release|Any CPU.ActiveCfg = Release|Any CPU
		{CD460E0F-1BA4-4C62-B0BB-A435B901E591}.Release|Any CPU.Build.0 = Release|Any CPU
		{D6BA18A7-CCF7-4F94-8EE8-0DD6BE0621C2}.Debug|Any CPU.ActiveCfg = Debug|Any CPU
		{D6BA18A7-CCF7-4F94-8EE8-0DD6BE0621C2}.Debug|Any CPU.Build.0 = Debug|Any CPU
		{D6BA18A7-CCF7-4F94-8EE8-0DD6BE0621C2}.Release|Any CPU.ActiveCfg = Release|Any CPU
		{D6BA18A7-CCF7-4F94-8EE8-0DD6BE0621C2}.Release|Any CPU.Build.0 = Release|Any CPU
		{C1205DC9-3DAF-496F-BBC8-BD4DE5C63C25}.Debug|Any CPU.ActiveCfg = Debug|Any CPU
		{C1205DC9-3DAF-496F-BBC8-BD4DE5C63C25}.Debug|Any CPU.Build.0 = Debug|Any CPU
		{C1205DC9-3DAF-496F-BBC8-BD4DE5C63C25}.Release|Any CPU.ActiveCfg = Release|Any CPU
		{C1205DC9-3DAF-496F-BBC8-BD4DE5C63C25}.Release|Any CPU.Build.0 = Release|Any CPU
		{B74ACEEA-0F0A-4F59-A9D9-341974779928}.Debug|Any CPU.ActiveCfg = Debug|Any CPU
		{B74ACEEA-0F0A-4F59-A9D9-341974779928}.Debug|Any CPU.Build.0 = Debug|Any CPU
		{B74ACEEA-0F0A-4F59-A9D9-341974779928}.Release|Any CPU.ActiveCfg = Release|Any CPU
		{B74ACEEA-0F0A-4F59-A9D9-341974779928}.Release|Any CPU.Build.0 = Release|Any CPU
		{52FF674B-4B03-4EEA-9B04-0E1233C1E0E5}.Debug|Any CPU.ActiveCfg = Debug|Any CPU
		{52FF674B-4B03-4EEA-9B04-0E1233C1E0E5}.Debug|Any CPU.Build.0 = Debug|Any CPU
		{52FF674B-4B03-4EEA-9B04-0E1233C1E0E5}.Release|Any CPU.ActiveCfg = Release|Any CPU
		{52FF674B-4B03-4EEA-9B04-0E1233C1E0E5}.Release|Any CPU.Build.0 = Release|Any CPU
	EndGlobalSection
	GlobalSection(SolutionProperties) = preSolution
		HideSolutionNode = FALSE
	EndGlobalSection
	GlobalSection(NestedProjects) = preSolution
		{E9F095EE-071A-4622-B1F5-1DFC3992BAD0} = {CA931A56-71A1-4D3F-909A-F13F66C08F9B}
		{9EC660C5-3BFD-42C1-9840-0D8B534834F6} = {CA931A56-71A1-4D3F-909A-F13F66C08F9B}
		{BBDC00FB-2AFB-4537-9498-E5C346652CB8} = {31757BF8-0EA2-417A-9C0C-30C13AEE94C5}
		{2FA38666-E8E2-4A4B-85E3-E53A8C94C26B} = {31757BF8-0EA2-417A-9C0C-30C13AEE94C5}
		{4542612C-2209-49F6-9E13-3C9A2734CAD4} = {41D18170-20E4-4E07-AC9B-827A5FF567CD}
		{CD460E0F-1BA4-4C62-B0BB-A435B901E591} = {41D18170-20E4-4E07-AC9B-827A5FF567CD}
		{D6BA18A7-CCF7-4F94-8EE8-0DD6BE0621C2} = {66F2D16F-057D-4938-8045-5DAFB065D66C}
		{C1205DC9-3DAF-496F-BBC8-BD4DE5C63C25} = {66F2D16F-057D-4938-8045-5DAFB065D66C}
		{B74ACEEA-0F0A-4F59-A9D9-341974779928} = {1FFFBD51-9508-42B3-9FE3-AA4208B31C29}
		{52FF674B-4B03-4EEA-9B04-0E1233C1E0E5} = {1FFFBD51-9508-42B3-9FE3-AA4208B31C29}
	EndGlobalSection
EndGlobal
